
Microsoft Visual Studio Solution File, Format Version 12.00
# Visual Studio 15
Project("{FAE04EC0-301F-11D3-BF4B-00C04F79EFBC}") = "Assembly-CSharp", "Assembly-CSharp.csproj", "{943E6140-3A34-E4A7-C314-3AB0E1CCD188}"
EndProject
Project("{FAE04EC0-301F-11D3-BF4B-00C04F79EFBC}") = "Assembly-CSharp-Editor", "Assembly-CSharp-Editor.csproj", "{EB0602EE-7149-F433-A91A-DBF0DD746C4F}"
EndProject
Global
	GlobalSection(SolutionConfigurationPlatforms) = preSolution
		Debug|Any CPU = Debug|Any CPU
		Release|Any CPU = Release|Any CPU
	EndGlobalSection
	GlobalSection(ProjectConfigurationPlatforms) = postSolution
		{943E6140-3A34-E4A7-C314-3AB0E1CCD188}.Debug|Any CPU.ActiveCfg = Debug|Any CPU
		{943E6140-3A34-E4A7-C314-3AB0E1CCD188}.Debug|Any CPU.Build.0 = Debug|Any CPU
		{943E6140-3A34-E4A7-C314-3AB0E1CCD188}.Release|Any CPU.ActiveCfg = Release|Any CPU
		{943E6140-3A34-E4A7-C314-3AB0E1CCD188}.Release|Any CPU.Build.0 = Release|Any CPU
		{EB0602EE-7149-F433-A91A-DBF0DD746C4F}.Debug|Any CPU.ActiveCfg = Debug|Any CPU
		{EB0602EE-7149-F433-A91A-DBF0DD746C4F}.Debug|Any CPU.Build.0 = Debug|Any CPU
		{EB0602EE-7149-F433-A91A-DBF0DD746C4F}.Release|Any CPU.ActiveCfg = Release|Any CPU
		{EB0602EE-7149-F433-A91A-DBF0DD746C4F}.Release|Any CPU.Build.0 = Release|Any CPU
	EndGlobalSection
	GlobalSection(SolutionProperties) = preSolution
		HideSolutionNode = FALSE
	EndGlobalSection
EndGlobal
