
Microsoft Visual Studio Solution File, Format Version 12.00
# Visual Studio 15
Project("{FAE04EC0-301F-11D3-BF4B-00C04F79EFBC}") = "Assembly-CSharp", "Assembly-CSharp.csproj", "{EF60F8C0-0547-24C9-1447-FA79ED96DC8C}"
EndProject
Project("{FAE04EC0-301F-11D3-BF4B-00C04F79EFBC}") = "Assembly-CSharp-Editor", "Assembly-CSharp-Editor.csproj", "{F32F8DE3-9D33-98CE-336E-A478ACDDB8E1}"
EndProject
Global
	GlobalSection(SolutionConfigurationPlatforms) = preSolution
		Debug|Any CPU = Debug|Any CPU
		Release|Any CPU = Release|Any CPU
	EndGlobalSection
	GlobalSection(ProjectConfigurationPlatforms) = postSolution
		{EF60F8C0-0547-24C9-1447-FA79ED96DC8C}.Debug|Any CPU.ActiveCfg = Debug|Any CPU
		{EF60F8C0-0547-24C9-1447-FA79ED96DC8C}.Debug|Any CPU.Build.0 = Debug|Any CPU
		{EF60F8C0-0547-24C9-1447-FA79ED96DC8C}.Release|Any CPU.ActiveCfg = Release|Any CPU
		{EF60F8C0-0547-24C9-1447-FA79ED96DC8C}.Release|Any CPU.Build.0 = Release|Any CPU
		{F32F8DE3-9D33-98CE-336E-A478ACDDB8E1}.Debug|Any CPU.ActiveCfg = Debug|Any CPU
		{F32F8DE3-9D33-98CE-336E-A478ACDDB8E1}.Debug|Any CPU.Build.0 = Debug|Any CPU
		{F32F8DE3-9D33-98CE-336E-A478ACDDB8E1}.Release|Any CPU.ActiveCfg = Release|Any CPU
		{F32F8DE3-9D33-98CE-336E-A478ACDDB8E1}.Release|Any CPU.Build.0 = Release|Any CPU
	EndGlobalSection
	GlobalSection(SolutionProperties) = preSolution
		HideSolutionNode = FALSE
	EndGlobalSection
EndGlobal
